
Microsoft Visual Studio Solution File, Format Version 12.00
# Visual Studio 15
Project("{FAE04EC0-301F-11D3-BF4B-00C04F79EFBC}") = "UnityEngine.UI", "UnityEngine.UI.csproj", "{6B855A5C-3C9A-E334-82EE-25BE24285734}"
EndProject
Project("{FAE04EC0-301F-11D3-BF4B-00C04F79EFBC}") = "UnityEngine.TestRunner", "UnityEngine.TestRunner.csproj", "{824C7A18-0656-9FA3-ACDC-1DE4DFBDA869}"
EndProject
Project("{FAE04EC0-301F-11D3-BF4B-00C04F79EFBC}") = "Unity.Mathematics", "Unity.Mathematics.csproj", "{5C6A448A-3225-E2E4-16B4-FA4115721BCC}"
EndProject
Project("{FAE04EC0-301F-11D3-BF4B-00C04F79EFBC}") = "Unity.2D.Animation.Triangle.Runtime", "Unity.2D.Animation.Triangle.Runtime.csproj", "{14984484-309A-6F84-6AAF-6141F42DB2B4}"
EndProject
Project("{FAE04EC0-301F-11D3-BF4B-00C04F79EFBC}") = "Assembly-CSharp", "Assembly-CSharp.csproj", "{DC212892-661F-7A35-30BF-99A9154EE9ED}"
EndProject
Project("{FAE04EC0-301F-11D3-BF4B-00C04F79EFBC}") = "Unity.Timeline", "Unity.Timeline.csproj", "{CE78F60A-192E-DB7F-3157-9674AB9A2862}"
EndProject
Project("{FAE04EC0-301F-11D3-BF4B-00C04F79EFBC}") = "Cinemachine", "Cinemachine.csproj", "{488B8913-8D6E-E1F9-EFD4-76934DDC4CC7}"
EndProject
Project("{FAE04EC0-301F-11D3-BF4B-00C04F79EFBC}") = "Unity.TextMeshPro", "Unity.TextMeshPro.csproj", "{1CCEB36D-8278-2656-CA55-63AA9815A1C1}"
EndProject
Project("{FAE04EC0-301F-11D3-BF4B-00C04F79EFBC}") = "Unity.2D.Animation.Runtime", "Unity.2D.Animation.Runtime.csproj", "{9CBFB207-2D3F-94DA-8C10-E63A9D370F5D}"
EndProject
Project("{FAE04EC0-301F-11D3-BF4B-00C04F79EFBC}") = "Unity.2D.IK.Runtime", "Unity.2D.IK.Runtime.csproj", "{598B5BD4-7454-1CC2-77FE-97E9084BFCAA}"
EndProject
Project("{FAE04EC0-301F-11D3-BF4B-00C04F79EFBC}") = "Unity.2D.SpriteShape.Runtime", "Unity.2D.SpriteShape.Runtime.csproj", "{209051EC-E575-AAE4-DC6B-791571C3196F}"
EndProject
Project("{FAE04EC0-301F-11D3-BF4B-00C04F79EFBC}") = "Unity.2D.PixelPerfect", "Unity.2D.PixelPerfect.csproj", "{A113482A-FB64-7E64-AD04-A6BBE5A824BF}"
EndProject
Project("{FAE04EC0-301F-11D3-BF4B-00C04F79EFBC}") = "Unity.2D.Common.Runtime", "Unity.2D.Common.Runtime.csproj", "{FC0649EA-4329-B6B2-CA0B-418D61ED4E63}"
EndProject
Project("{FAE04EC0-301F-11D3-BF4B-00C04F79EFBC}") = "Unity.InternalAPIEngineBridge.001", "Unity.InternalAPIEngineBridge.001.csproj", "{843D8AD7-C20D-4EA6-0528-6020CC01D258}"
EndProject
Project("{FAE04EC0-301F-11D3-BF4B-00C04F79EFBC}") = "UnityEditor.TestRunner", "UnityEditor.TestRunner.csproj", "{E71BF2A9-9273-A8B8-6E51-6D93F895A2B1}"
EndProject
Project("{FAE04EC0-301F-11D3-BF4B-00C04F79EFBC}") = "Unity.PlasticSCM.Editor", "Unity.PlasticSCM.Editor.csproj", "{F19AC656-E27D-1172-FEE8-6AE1D71B867A}"
EndProject
Project("{FAE04EC0-301F-11D3-BF4B-00C04F79EFBC}") = "UnityEditor.UI", "UnityEditor.UI.csproj", "{FD886881-21D5-69E8-DA23-F2EB3F02AD59}"
EndProject
Project("{FAE04EC0-301F-11D3-BF4B-00C04F79EFBC}") = "Unity.Timeline.Editor", "Unity.Timeline.Editor.csproj", "{16A9AFC9-5E8C-93BD-6742-885B3DFCE358}"
EndProject
Project("{FAE04EC0-301F-11D3-BF4B-00C04F79EFBC}") = "Unity.VisualStudio.Editor", "Unity.VisualStudio.Editor.csproj", "{25808413-037D-0D4C-A28A-762093D3B18C}"
EndProject
Project("{FAE04EC0-301F-11D3-BF4B-00C04F79EFBC}") = "com.unity.cinemachine.editor", "com.unity.cinemachine.editor.csproj", "{C5DF37E0-0B50-02DA-630A-45ED42C063AD}"
EndProject
Project("{FAE04EC0-301F-11D3-BF4B-00C04F79EFBC}") = "Unity.2D.Psdimporter.Editor", "Unity.2D.Psdimporter.Editor.csproj", "{A1D60AF7-6338-E77E-B12F-9EC628CF055C}"
EndProject
Project("{FAE04EC0-301F-11D3-BF4B-00C04F79EFBC}") = "Unity.2D.Animation.Editor", "Unity.2D.Animation.Editor.csproj", "{C67D18BE-EECC-C44B-E186-28D4776C63E0}"
EndProject
Project("{FAE04EC0-301F-11D3-BF4B-00C04F79EFBC}") = "Unity.TextMeshPro.Editor", "Unity.TextMeshPro.Editor.csproj", "{9D2B0F0F-5C06-1B35-8884-490EA8BB5B21}"
EndProject
Project("{FAE04EC0-301F-11D3-BF4B-00C04F79EFBC}") = "Unity.2D.SpriteShape.Editor", "Unity.2D.SpriteShape.Editor.csproj", "{62B3ED22-7CD7-4592-15CA-B7E5B36684F9}"
EndProject
Project("{FAE04EC0-301F-11D3-BF4B-00C04F79EFBC}") = "Unity.CollabProxy.Editor", "Unity.CollabProxy.Editor.csproj", "{03F54050-CFEB-C4C3-3E65-53C2236A43DA}"
EndProject
Project("{FAE04EC0-301F-11D3-BF4B-00C04F79EFBC}") = "PsdPlugin", "PsdPlugin.csproj", "{4A9A789E-7282-6EAE-6EEE-ECD2F45F4378}"
EndProject
Project("{FAE04EC0-301F-11D3-BF4B-00C04F79EFBC}") = "Unity.2D.Path.Editor", "Unity.2D.Path.Editor.csproj", "{3A4A9854-8925-F6CA-514E-82F0786ACEBA}"
EndProject
Project("{FAE04EC0-301F-11D3-BF4B-00C04F79EFBC}") = "Unity.Rider.Editor", "Unity.Rider.Editor.csproj", "{2217940F-EB5E-B9B6-1321-6D778CB9AC5D}"
EndProject
Project("{FAE04EC0-301F-11D3-BF4B-00C04F79EFBC}") = "Unity.2D.IK.Editor", "Unity.2D.IK.Editor.csproj", "{1570E03F-D2B4-4431-5351-283C3CE84C9B}"
EndProject
Project("{FAE04EC0-301F-11D3-BF4B-00C04F79EFBC}") = "Unity.2D.Sprite.Editor", "Unity.2D.Sprite.Editor.csproj", "{DBA32B24-7CD1-0A23-FB1D-4E969D9AFC4A}"
EndProject
Project("{FAE04EC0-301F-11D3-BF4B-00C04F79EFBC}") = "Unity.2D.Tilemap.Editor", "Unity.2D.Tilemap.Editor.csproj", "{A852E42E-6B95-18C8-2D06-7EE55C871DCE}"
EndProject
Project("{FAE04EC0-301F-11D3-BF4B-00C04F79EFBC}") = "Unity.2D.PixelPerfect.Editor", "Unity.2D.PixelPerfect.Editor.csproj", "{DBE2AE0C-6FA3-AEAB-6C58-C4C2A1652038}"
EndProject
Project("{FAE04EC0-301F-11D3-BF4B-00C04F79EFBC}") = "Unity.VSCode.Editor", "Unity.VSCode.Editor.csproj", "{F6EC834F-3942-B215-2007-1B05107FEEC2}"
EndProject
Project("{FAE04EC0-301F-11D3-BF4B-00C04F79EFBC}") = "Unity.2D.Common.Editor", "Unity.2D.Common.Editor.csproj", "{8132636F-1AC8-5B0C-99F9-859C41242F7E}"
EndProject
Project("{FAE04EC0-301F-11D3-BF4B-00C04F79EFBC}") = "Unity.Mathematics.Editor", "Unity.Mathematics.Editor.csproj", "{BC20C277-2EF4-ED76-8D80-FBF009A7977D}"
EndProject
Project("{FAE04EC0-301F-11D3-BF4B-00C04F79EFBC}") = "Unity.InternalAPIEditorBridge.001", "Unity.InternalAPIEditorBridge.001.csproj", "{23E22F12-910B-D1BB-1623-29D268F8FD3F}"
EndProject
Project("{FAE04EC0-301F-11D3-BF4B-00C04F79EFBC}") = "UnityEngine.UI", "UnityEngine.UI.Player.csproj", "{428E88CB-CF73-D06B-494E-0A63E5359319}"
EndProject
Project("{FAE04EC0-301F-11D3-BF4B-00C04F79EFBC}") = "UnityEngine.TestRunner", "UnityEngine.TestRunner.Player.csproj", "{6C9F72C4-63D1-5FED-91AB-37B340074A44}"
EndProject
Project("{FAE04EC0-301F-11D3-BF4B-00C04F79EFBC}") = "Unity.Mathematics", "Unity.Mathematics.Player.csproj", "{B0DA0F0C-21F0-8E4A-8E91-941229438307}"
EndProject
Project("{FAE04EC0-301F-11D3-BF4B-00C04F79EFBC}") = "Unity.2D.Animation.Triangle.Runtime", "Unity.2D.Animation.Triangle.Runtime.Player.csproj", "{2E459E7B-D12E-A571-D6B6-17777E0D3137}"
EndProject
Project("{FAE04EC0-301F-11D3-BF4B-00C04F79EFBC}") = "Assembly-CSharp", "Assembly-CSharp.Player.csproj", "{CA0192F6-75BD-4E1D-E84F-BFB135DFCF0D}"
EndProject
Project("{FAE04EC0-301F-11D3-BF4B-00C04F79EFBC}") = "Unity.Timeline", "Unity.Timeline.Player.csproj", "{48E10837-38AE-F37E-0569-1E83E7364F0A}"
EndProject
Project("{FAE04EC0-301F-11D3-BF4B-00C04F79EFBC}") = "Cinemachine", "Cinemachine.Player.csproj", "{768651DD-1558-2F92-A933-D9E0BAF9503E}"
EndProject
Project("{FAE04EC0-301F-11D3-BF4B-00C04F79EFBC}") = "Unity.TextMeshPro", "Unity.TextMeshPro.Player.csproj", "{DA1F43AF-467B-072B-A8D0-BECC47357798}"
EndProject
Project("{FAE04EC0-301F-11D3-BF4B-00C04F79EFBC}") = "Unity.2D.Animation.Runtime", "Unity.2D.Animation.Runtime.Player.csproj", "{74C7FC72-7EAE-B23F-5175-F5953293E4CB}"
EndProject
Project("{FAE04EC0-301F-11D3-BF4B-00C04F79EFBC}") = "Unity.2D.IK.Runtime", "Unity.2D.IK.Runtime.Player.csproj", "{33D52FCA-4E33-1520-B270-7FA94B99FCB9}"
EndProject
Project("{FAE04EC0-301F-11D3-BF4B-00C04F79EFBC}") = "Unity.2D.SpriteShape.Runtime", "Unity.2D.SpriteShape.Runtime.Player.csproj", "{6DA9A579-30C2-D5F4-3A44-2D7434B07A12}"
EndProject
Project("{FAE04EC0-301F-11D3-BF4B-00C04F79EFBC}") = "Unity.2D.PixelPerfect", "Unity.2D.PixelPerfect.Player.csproj", "{AA36B243-3070-B1FE-4C27-8E7F33DB173C}"
EndProject
Project("{FAE04EC0-301F-11D3-BF4B-00C04F79EFBC}") = "Unity.2D.Common.Runtime", "Unity.2D.Common.Runtime.Player.csproj", "{6DCDCDFB-DD67-AF62-EE7B-59425F610F1C}"
EndProject
Project("{FAE04EC0-301F-11D3-BF4B-00C04F79EFBC}") = "Unity.InternalAPIEngineBridge.001", "Unity.InternalAPIEngineBridge.001.Player.csproj", "{F2A73F80-1BD5-F5A3-DF70-A5E8F312059A}"
EndProject
Global
	GlobalSection(SolutionConfigurationPlatforms) = preSolution
		Debug|Any CPU = Debug|Any CPU
		Release|Any CPU = Release|Any CPU
	EndGlobalSection
	GlobalSection(ProjectConfigurationPlatforms) = postSolution
		{6B855A5C-3C9A-E334-82EE-25BE24285734}.Debug|Any CPU.ActiveCfg = Debug|Any CPU
		{6B855A5C-3C9A-E334-82EE-25BE24285734}.Debug|Any CPU.Build.0 = Debug|Any CPU
		{6B855A5C-3C9A-E334-82EE-25BE24285734}.Release|Any CPU.ActiveCfg = Release|Any CPU
		{6B855A5C-3C9A-E334-82EE-25BE24285734}.Release|Any CPU.Build.0 = Release|Any CPU
		{824C7A18-0656-9FA3-ACDC-1DE4DFBDA869}.Debug|Any CPU.ActiveCfg = Debug|Any CPU
		{824C7A18-0656-9FA3-ACDC-1DE4DFBDA869}.Debug|Any CPU.Build.0 = Debug|Any CPU
		{824C7A18-0656-9FA3-ACDC-1DE4DFBDA869}.Release|Any CPU.ActiveCfg = Release|Any CPU
		{824C7A18-0656-9FA3-ACDC-1DE4DFBDA869}.Release|Any CPU.Build.0 = Release|Any CPU
		{5C6A448A-3225-E2E4-16B4-FA4115721BCC}.Debug|Any CPU.ActiveCfg = Debug|Any CPU
		{5C6A448A-3225-E2E4-16B4-FA4115721BCC}.Debug|Any CPU.Build.0 = Debug|Any CPU
		{5C6A448A-3225-E2E4-16B4-FA4115721BCC}.Release|Any CPU.ActiveCfg = Release|Any CPU
		{5C6A448A-3225-E2E4-16B4-FA4115721BCC}.Release|Any CPU.Build.0 = Release|Any CPU
		{14984484-309A-6F84-6AAF-6141F42DB2B4}.Debug|Any CPU.ActiveCfg = Debug|Any CPU
		{14984484-309A-6F84-6AAF-6141F42DB2B4}.Debug|Any CPU.Build.0 = Debug|Any CPU
		{14984484-309A-6F84-6AAF-6141F42DB2B4}.Release|Any CPU.ActiveCfg = Release|Any CPU
		{14984484-309A-6F84-6AAF-6141F42DB2B4}.Release|Any CPU.Build.0 = Release|Any CPU
		{DC212892-661F-7A35-30BF-99A9154EE9ED}.Debug|Any CPU.ActiveCfg = Debug|Any CPU
		{DC212892-661F-7A35-30BF-99A9154EE9ED}.Debug|Any CPU.Build.0 = Debug|Any CPU
		{DC212892-661F-7A35-30BF-99A9154EE9ED}.Release|Any CPU.ActiveCfg = Release|Any CPU
		{DC212892-661F-7A35-30BF-99A9154EE9ED}.Release|Any CPU.Build.0 = Release|Any CPU
		{CE78F60A-192E-DB7F-3157-9674AB9A2862}.Debug|Any CPU.ActiveCfg = Debug|Any CPU
		{CE78F60A-192E-DB7F-3157-9674AB9A2862}.Debug|Any CPU.Build.0 = Debug|Any CPU
		{CE78F60A-192E-DB7F-3157-9674AB9A2862}.Release|Any CPU.ActiveCfg = Release|Any CPU
		{CE78F60A-192E-DB7F-3157-9674AB9A2862}.Release|Any CPU.Build.0 = Release|Any CPU
		{488B8913-8D6E-E1F9-EFD4-76934DDC4CC7}.Debug|Any CPU.ActiveCfg = Debug|Any CPU
		{488B8913-8D6E-E1F9-EFD4-76934DDC4CC7}.Debug|Any CPU.Build.0 = Debug|Any CPU
		{488B8913-8D6E-E1F9-EFD4-76934DDC4CC7}.Release|Any CPU.ActiveCfg = Release|Any CPU
		{488B8913-8D6E-E1F9-EFD4-76934DDC4CC7}.Release|Any CPU.Build.0 = Release|Any CPU
		{1CCEB36D-8278-2656-CA55-63AA9815A1C1}.Debug|Any CPU.ActiveCfg = Debug|Any CPU
		{1CCEB36D-8278-2656-CA55-63AA9815A1C1}.Debug|Any CPU.Build.0 = Debug|Any CPU
		{1CCEB36D-8278-2656-CA55-63AA9815A1C1}.Release|Any CPU.ActiveCfg = Release|Any CPU
		{1CCEB36D-8278-2656-CA55-63AA9815A1C1}.Release|Any CPU.Build.0 = Release|Any CPU
		{9CBFB207-2D3F-94DA-8C10-E63A9D370F5D}.Debug|Any CPU.ActiveCfg = Debug|Any CPU
		{9CBFB207-2D3F-94DA-8C10-E63A9D370F5D}.Debug|Any CPU.Build.0 = Debug|Any CPU
		{9CBFB207-2D3F-94DA-8C10-E63A9D370F5D}.Release|Any CPU.ActiveCfg = Release|Any CPU
		{9CBFB207-2D3F-94DA-8C10-E63A9D370F5D}.Release|Any CPU.Build.0 = Release|Any CPU
		{598B5BD4-7454-1CC2-77FE-97E9084BFCAA}.Debug|Any CPU.ActiveCfg = Debug|Any CPU
		{598B5BD4-7454-1CC2-77FE-97E9084BFCAA}.Debug|Any CPU.Build.0 = Debug|Any CPU
		{598B5BD4-7454-1CC2-77FE-97E9084BFCAA}.Release|Any CPU.ActiveCfg = Release|Any CPU
		{598B5BD4-7454-1CC2-77FE-97E9084BFCAA}.Release|Any CPU.Build.0 = Release|Any CPU
		{209051EC-E575-AAE4-DC6B-791571C3196F}.Debug|Any CPU.ActiveCfg = Debug|Any CPU
		{209051EC-E575-AAE4-DC6B-791571C3196F}.Debug|Any CPU.Build.0 = Debug|Any CPU
		{209051EC-E575-AAE4-DC6B-791571C3196F}.Release|Any CPU.ActiveCfg = Release|Any CPU
		{209051EC-E575-AAE4-DC6B-791571C3196F}.Release|Any CPU.Build.0 = Release|Any CPU
		{A113482A-FB64-7E64-AD04-A6BBE5A824BF}.Debug|Any CPU.ActiveCfg = Debug|Any CPU
		{A113482A-FB64-7E64-AD04-A6BBE5A824BF}.Debug|Any CPU.Build.0 = Debug|Any CPU
		{A113482A-FB64-7E64-AD04-A6BBE5A824BF}.Release|Any CPU.ActiveCfg = Release|Any CPU
		{A113482A-FB64-7E64-AD04-A6BBE5A824BF}.Release|Any CPU.Build.0 = Release|Any CPU
		{FC0649EA-4329-B6B2-CA0B-418D61ED4E63}.Debug|Any CPU.ActiveCfg = Debug|Any CPU
		{FC0649EA-4329-B6B2-CA0B-418D61ED4E63}.Debug|Any CPU.Build.0 = Debug|Any CPU
		{FC0649EA-4329-B6B2-CA0B-418D61ED4E63}.Release|Any CPU.ActiveCfg = Release|Any CPU
		{FC0649EA-4329-B6B2-CA0B-418D61ED4E63}.Release|Any CPU.Build.0 = Release|Any CPU
		{843D8AD7-C20D-4EA6-0528-6020CC01D258}.Debug|Any CPU.ActiveCfg = Debug|Any CPU
		{843D8AD7-C20D-4EA6-0528-6020CC01D258}.Debug|Any CPU.Build.0 = Debug|Any CPU
		{843D8AD7-C20D-4EA6-0528-6020CC01D258}.Release|Any CPU.ActiveCfg = Release|Any CPU
		{843D8AD7-C20D-4EA6-0528-6020CC01D258}.Release|Any CPU.Build.0 = Release|Any CPU
		{E71BF2A9-9273-A8B8-6E51-6D93F895A2B1}.Debug|Any CPU.ActiveCfg = Debug|Any CPU
		{E71BF2A9-9273-A8B8-6E51-6D93F895A2B1}.Debug|Any CPU.Build.0 = Debug|Any CPU
		{E71BF2A9-9273-A8B8-6E51-6D93F895A2B1}.Release|Any CPU.ActiveCfg = Release|Any CPU
		{E71BF2A9-9273-A8B8-6E51-6D93F895A2B1}.Release|Any CPU.Build.0 = Release|Any CPU
		{F19AC656-E27D-1172-FEE8-6AE1D71B867A}.Debug|Any CPU.ActiveCfg = Debug|Any CPU
		{F19AC656-E27D-1172-FEE8-6AE1D71B867A}.Debug|Any CPU.Build.0 = Debug|Any CPU
		{F19AC656-E27D-1172-FEE8-6AE1D71B867A}.Release|Any CPU.ActiveCfg = Release|Any CPU
		{F19AC656-E27D-1172-FEE8-6AE1D71B867A}.Release|Any CPU.Build.0 = Release|Any CPU
		{FD886881-21D5-69E8-DA23-F2EB3F02AD59}.Debug|Any CPU.ActiveCfg = Debug|Any CPU
		{FD886881-21D5-69E8-DA23-F2EB3F02AD59}.Debug|Any CPU.Build.0 = Debug|Any CPU
		{FD886881-21D5-69E8-DA23-F2EB3F02AD59}.Release|Any CPU.ActiveCfg = Release|Any CPU
		{FD886881-21D5-69E8-DA23-F2EB3F02AD59}.Release|Any CPU.Build.0 = Release|Any CPU
		{16A9AFC9-5E8C-93BD-6742-885B3DFCE358}.Debug|Any CPU.ActiveCfg = Debug|Any CPU
		{16A9AFC9-5E8C-93BD-6742-885B3DFCE358}.Debug|Any CPU.Build.0 = Debug|Any CPU
		{16A9AFC9-5E8C-93BD-6742-885B3DFCE358}.Release|Any CPU.ActiveCfg = Release|Any CPU
		{16A9AFC9-5E8C-93BD-6742-885B3DFCE358}.Release|Any CPU.Build.0 = Release|Any CPU
		{25808413-037D-0D4C-A28A-762093D3B18C}.Debug|Any CPU.ActiveCfg = Debug|Any CPU
		{25808413-037D-0D4C-A28A-762093D3B18C}.Debug|Any CPU.Build.0 = Debug|Any CPU
		{25808413-037D-0D4C-A28A-762093D3B18C}.Release|Any CPU.ActiveCfg = Release|Any CPU
		{25808413-037D-0D4C-A28A-762093D3B18C}.Release|Any CPU.Build.0 = Release|Any CPU
		{C5DF37E0-0B50-02DA-630A-45ED42C063AD}.Debug|Any CPU.ActiveCfg = Debug|Any CPU
		{C5DF37E0-0B50-02DA-630A-45ED42C063AD}.Debug|Any CPU.Build.0 = Debug|Any CPU
		{C5DF37E0-0B50-02DA-630A-45ED42C063AD}.Release|Any CPU.ActiveCfg = Release|Any CPU
		{C5DF37E0-0B50-02DA-630A-45ED42C063AD}.Release|Any CPU.Build.0 = Release|Any CPU
		{A1D60AF7-6338-E77E-B12F-9EC628CF055C}.Debug|Any CPU.ActiveCfg = Debug|Any CPU
		{A1D60AF7-6338-E77E-B12F-9EC628CF055C}.Debug|Any CPU.Build.0 = Debug|Any CPU
		{A1D60AF7-6338-E77E-B12F-9EC628CF055C}.Release|Any CPU.ActiveCfg = Release|Any CPU
		{A1D60AF7-6338-E77E-B12F-9EC628CF055C}.Release|Any CPU.Build.0 = Release|Any CPU
		{C67D18BE-EECC-C44B-E186-28D4776C63E0}.Debug|Any CPU.ActiveCfg = Debug|Any CPU
		{C67D18BE-EECC-C44B-E186-28D4776C63E0}.Debug|Any CPU.Build.0 = Debug|Any CPU
		{C67D18BE-EECC-C44B-E186-28D4776C63E0}.Release|Any CPU.ActiveCfg = Release|Any CPU
		{C67D18BE-EECC-C44B-E186-28D4776C63E0}.Release|Any CPU.Build.0 = Release|Any CPU
		{9D2B0F0F-5C06-1B35-8884-490EA8BB5B21}.Debug|Any CPU.ActiveCfg = Debug|Any CPU
		{9D2B0F0F-5C06-1B35-8884-490EA8BB5B21}.Debug|Any CPU.Build.0 = Debug|Any CPU
		{9D2B0F0F-5C06-1B35-8884-490EA8BB5B21}.Release|Any CPU.ActiveCfg = Release|Any CPU
		{9D2B0F0F-5C06-1B35-8884-490EA8BB5B21}.Release|Any CPU.Build.0 = Release|Any CPU
		{62B3ED22-7CD7-4592-15CA-B7E5B36684F9}.Debug|Any CPU.ActiveCfg = Debug|Any CPU
		{62B3ED22-7CD7-4592-15CA-B7E5B36684F9}.Debug|Any CPU.Build.0 = Debug|Any CPU
		{62B3ED22-7CD7-4592-15CA-B7E5B36684F9}.Release|Any CPU.ActiveCfg = Release|Any CPU
		{62B3ED22-7CD7-4592-15CA-B7E5B36684F9}.Release|Any CPU.Build.0 = Release|Any CPU
		{03F54050-CFEB-C4C3-3E65-53C2236A43DA}.Debug|Any CPU.ActiveCfg = Debug|Any CPU
		{03F54050-CFEB-C4C3-3E65-53C2236A43DA}.Debug|Any CPU.Build.0 = Debug|Any CPU
		{03F54050-CFEB-C4C3-3E65-53C2236A43DA}.Release|Any CPU.ActiveCfg = Release|Any CPU
		{03F54050-CFEB-C4C3-3E65-53C2236A43DA}.Release|Any CPU.Build.0 = Release|Any CPU
		{4A9A789E-7282-6EAE-6EEE-ECD2F45F4378}.Debug|Any CPU.ActiveCfg = Debug|Any CPU
		{4A9A789E-7282-6EAE-6EEE-ECD2F45F4378}.Debug|Any CPU.Build.0 = Debug|Any CPU
		{4A9A789E-7282-6EAE-6EEE-ECD2F45F4378}.Release|Any CPU.ActiveCfg = Release|Any CPU
		{4A9A789E-7282-6EAE-6EEE-ECD2F45F4378}.Release|Any CPU.Build.0 = Release|Any CPU
		{3A4A9854-8925-F6CA-514E-82F0786ACEBA}.Debug|Any CPU.ActiveCfg = Debug|Any CPU
		{3A4A9854-8925-F6CA-514E-82F0786ACEBA}.Debug|Any CPU.Build.0 = Debug|Any CPU
		{3A4A9854-8925-F6CA-514E-82F0786ACEBA}.Release|Any CPU.ActiveCfg = Release|Any CPU
		{3A4A9854-8925-F6CA-514E-82F0786ACEBA}.Release|Any CPU.Build.0 = Release|Any CPU
		{2217940F-EB5E-B9B6-1321-6D778CB9AC5D}.Debug|Any CPU.ActiveCfg = Debug|Any CPU
		{2217940F-EB5E-B9B6-1321-6D778CB9AC5D}.Debug|Any CPU.Build.0 = Debug|Any CPU
		{2217940F-EB5E-B9B6-1321-6D778CB9AC5D}.Release|Any CPU.ActiveCfg = Release|Any CPU
		{2217940F-EB5E-B9B6-1321-6D778CB9AC5D}.Release|Any CPU.Build.0 = Release|Any CPU
		{1570E03F-D2B4-4431-5351-283C3CE84C9B}.Debug|Any CPU.ActiveCfg = Debug|Any CPU
		{1570E03F-D2B4-4431-5351-283C3CE84C9B}.Debug|Any CPU.Build.0 = Debug|Any CPU
		{1570E03F-D2B4-4431-5351-283C3CE84C9B}.Release|Any CPU.ActiveCfg = Release|Any CPU
		{1570E03F-D2B4-4431-5351-283C3CE84C9B}.Release|Any CPU.Build.0 = Release|Any CPU
		{DBA32B24-7CD1-0A23-FB1D-4E969D9AFC4A}.Debug|Any CPU.ActiveCfg = Debug|Any CPU
		{DBA32B24-7CD1-0A23-FB1D-4E969D9AFC4A}.Debug|Any CPU.Build.0 = Debug|Any CPU
		{DBA32B24-7CD1-0A23-FB1D-4E969D9AFC4A}.Release|Any CPU.ActiveCfg = Release|Any CPU
		{DBA32B24-7CD1-0A23-FB1D-4E969D9AFC4A}.Release|Any CPU.Build.0 = Release|Any CPU
		{A852E42E-6B95-18C8-2D06-7EE55C871DCE}.Debug|Any CPU.ActiveCfg = Debug|Any CPU
		{A852E42E-6B95-18C8-2D06-7EE55C871DCE}.Debug|Any CPU.Build.0 = Debug|Any CPU
		{A852E42E-6B95-18C8-2D06-7EE55C871DCE}.Release|Any CPU.ActiveCfg = Release|Any CPU
		{A852E42E-6B95-18C8-2D06-7EE55C871DCE}.Release|Any CPU.Build.0 = Release|Any CPU
		{DBE2AE0C-6FA3-AEAB-6C58-C4C2A1652038}.Debug|Any CPU.ActiveCfg = Debug|Any CPU
		{DBE2AE0C-6FA3-AEAB-6C58-C4C2A1652038}.Debug|Any CPU.Build.0 = Debug|Any CPU
		{DBE2AE0C-6FA3-AEAB-6C58-C4C2A1652038}.Release|Any CPU.ActiveCfg = Release|Any CPU
		{DBE2AE0C-6FA3-AEAB-6C58-C4C2A1652038}.Release|Any CPU.Build.0 = Release|Any CPU
		{F6EC834F-3942-B215-2007-1B05107FEEC2}.Debug|Any CPU.ActiveCfg = Debug|Any CPU
		{F6EC834F-3942-B215-2007-1B05107FEEC2}.Debug|Any CPU.Build.0 = Debug|Any CPU
		{F6EC834F-3942-B215-2007-1B05107FEEC2}.Release|Any CPU.ActiveCfg = Release|Any CPU
		{F6EC834F-3942-B215-2007-1B05107FEEC2}.Release|Any CPU.Build.0 = Release|Any CPU
		{8132636F-1AC8-5B0C-99F9-859C41242F7E}.Debug|Any CPU.ActiveCfg = Debug|Any CPU
		{8132636F-1AC8-5B0C-99F9-859C41242F7E}.Debug|Any CPU.Build.0 = Debug|Any CPU
		{8132636F-1AC8-5B0C-99F9-859C41242F7E}.Release|Any CPU.ActiveCfg = Release|Any CPU
		{8132636F-1AC8-5B0C-99F9-859C41242F7E}.Release|Any CPU.Build.0 = Release|Any CPU
		{BC20C277-2EF4-ED76-8D80-FBF009A7977D}.Debug|Any CPU.ActiveCfg = Debug|Any CPU
		{BC20C277-2EF4-ED76-8D80-FBF009A7977D}.Debug|Any CPU.Build.0 = Debug|Any CPU
		{BC20C277-2EF4-ED76-8D80-FBF009A7977D}.Release|Any CPU.ActiveCfg = Release|Any CPU
		{BC20C277-2EF4-ED76-8D80-FBF009A7977D}.Release|Any CPU.Build.0 = Release|Any CPU
		{23E22F12-910B-D1BB-1623-29D268F8FD3F}.Debug|Any CPU.ActiveCfg = Debug|Any CPU
		{23E22F12-910B-D1BB-1623-29D268F8FD3F}.Debug|Any CPU.Build.0 = Debug|Any CPU
		{23E22F12-910B-D1BB-1623-29D268F8FD3F}.Release|Any CPU.ActiveCfg = Release|Any CPU
		{23E22F12-910B-D1BB-1623-29D268F8FD3F}.Release|Any CPU.Build.0 = Release|Any CPU
		{428E88CB-CF73-D06B-494E-0A63E5359319}.Debug|Any CPU.ActiveCfg = Debug|Any CPU
		{428E88CB-CF73-D06B-494E-0A63E5359319}.Debug|Any CPU.Build.0 = Debug|Any CPU
		{428E88CB-CF73-D06B-494E-0A63E5359319}.Release|Any CPU.ActiveCfg = Release|Any CPU
		{428E88CB-CF73-D06B-494E-0A63E5359319}.Release|Any CPU.Build.0 = Release|Any CPU
		{6C9F72C4-63D1-5FED-91AB-37B340074A44}.Debug|Any CPU.ActiveCfg = Debug|Any CPU
		{6C9F72C4-63D1-5FED-91AB-37B340074A44}.Debug|Any CPU.Build.0 = Debug|Any CPU
		{6C9F72C4-63D1-5FED-91AB-37B340074A44}.Release|Any CPU.ActiveCfg = Release|Any CPU
		{6C9F72C4-63D1-5FED-91AB-37B340074A44}.Release|Any CPU.Build.0 = Release|Any CPU
		{B0DA0F0C-21F0-8E4A-8E91-941229438307}.Debug|Any CPU.ActiveCfg = Debug|Any CPU
		{B0DA0F0C-21F0-8E4A-8E91-941229438307}.Debug|Any CPU.Build.0 = Debug|Any CPU
		{B0DA0F0C-21F0-8E4A-8E91-941229438307}.Release|Any CPU.ActiveCfg = Release|Any CPU
		{B0DA0F0C-21F0-8E4A-8E91-941229438307}.Release|Any CPU.Build.0 = Release|Any CPU
		{2E459E7B-D12E-A571-D6B6-17777E0D3137}.Debug|Any CPU.ActiveCfg = Debug|Any CPU
		{2E459E7B-D12E-A571-D6B6-17777E0D3137}.Debug|Any CPU.Build.0 = Debug|Any CPU
		{2E459E7B-D12E-A571-D6B6-17777E0D3137}.Release|Any CPU.ActiveCfg = Release|Any CPU
		{2E459E7B-D12E-A571-D6B6-17777E0D3137}.Release|Any CPU.Build.0 = Release|Any CPU
		{CA0192F6-75BD-4E1D-E84F-BFB135DFCF0D}.Debug|Any CPU.ActiveCfg = Debug|Any CPU
		{CA0192F6-75BD-4E1D-E84F-BFB135DFCF0D}.Debug|Any CPU.Build.0 = Debug|Any CPU
		{CA0192F6-75BD-4E1D-E84F-BFB135DFCF0D}.Release|Any CPU.ActiveCfg = Release|Any CPU
		{CA0192F6-75BD-4E1D-E84F-BFB135DFCF0D}.Release|Any CPU.Build.0 = Release|Any CPU
		{48E10837-38AE-F37E-0569-1E83E7364F0A}.Debug|Any CPU.ActiveCfg = Debug|Any CPU
		{48E10837-38AE-F37E-0569-1E83E7364F0A}.Debug|Any CPU.Build.0 = Debug|Any CPU
		{48E10837-38AE-F37E-0569-1E83E7364F0A}.Release|Any CPU.ActiveCfg = Release|Any CPU
		{48E10837-38AE-F37E-0569-1E83E7364F0A}.Release|Any CPU.Build.0 = Release|Any CPU
		{768651DD-1558-2F92-A933-D9E0BAF9503E}.Debug|Any CPU.ActiveCfg = Debug|Any CPU
		{768651DD-1558-2F92-A933-D9E0BAF9503E}.Debug|Any CPU.Build.0 = Debug|Any CPU
		{768651DD-1558-2F92-A933-D9E0BAF9503E}.Release|Any CPU.ActiveCfg = Release|Any CPU
		{768651DD-1558-2F92-A933-D9E0BAF9503E}.Release|Any CPU.Build.0 = Release|Any CPU
		{DA1F43AF-467B-072B-A8D0-BECC47357798}.Debug|Any CPU.ActiveCfg = Debug|Any CPU
		{DA1F43AF-467B-072B-A8D0-BECC47357798}.Debug|Any CPU.Build.0 = Debug|Any CPU
		{DA1F43AF-467B-072B-A8D0-BECC47357798}.Release|Any CPU.ActiveCfg = Release|Any CPU
		{DA1F43AF-467B-072B-A8D0-BECC47357798}.Release|Any CPU.Build.0 = Release|Any CPU
		{74C7FC72-7EAE-B23F-5175-F5953293E4CB}.Debug|Any CPU.ActiveCfg = Debug|Any CPU
		{74C7FC72-7EAE-B23F-5175-F5953293E4CB}.Debug|Any CPU.Build.0 = Debug|Any CPU
		{74C7FC72-7EAE-B23F-5175-F5953293E4CB}.Release|Any CPU.ActiveCfg = Release|Any CPU
		{74C7FC72-7EAE-B23F-5175-F5953293E4CB}.Release|Any CPU.Build.0 = Release|Any CPU
		{33D52FCA-4E33-1520-B270-7FA94B99FCB9}.Debug|Any CPU.ActiveCfg = Debug|Any CPU
		{33D52FCA-4E33-1520-B270-7FA94B99FCB9}.Debug|Any CPU.Build.0 = Debug|Any CPU
		{33D52FCA-4E33-1520-B270-7FA94B99FCB9}.Release|Any CPU.ActiveCfg = Release|Any CPU
		{33D52FCA-4E33-1520-B270-7FA94B99FCB9}.Release|Any CPU.Build.0 = Release|Any CPU
		{6DA9A579-30C2-D5F4-3A44-2D7434B07A12}.Debug|Any CPU.ActiveCfg = Debug|Any CPU
		{6DA9A579-30C2-D5F4-3A44-2D7434B07A12}.Debug|Any CPU.Build.0 = Debug|Any CPU
		{6DA9A579-30C2-D5F4-3A44-2D7434B07A12}.Release|Any CPU.ActiveCfg = Release|Any CPU
		{6DA9A579-30C2-D5F4-3A44-2D7434B07A12}.Release|Any CPU.Build.0 = Release|Any CPU
		{AA36B243-3070-B1FE-4C27-8E7F33DB173C}.Debug|Any CPU.ActiveCfg = Debug|Any CPU
		{AA36B243-3070-B1FE-4C27-8E7F33DB173C}.Debug|Any CPU.Build.0 = Debug|Any CPU
		{AA36B243-3070-B1FE-4C27-8E7F33DB173C}.Release|Any CPU.ActiveCfg = Release|Any CPU
		{AA36B243-3070-B1FE-4C27-8E7F33DB173C}.Release|Any CPU.Build.0 = Release|Any CPU
		{6DCDCDFB-DD67-AF62-EE7B-59425F610F1C}.Debug|Any CPU.ActiveCfg = Debug|Any CPU
		{6DCDCDFB-DD67-AF62-EE7B-59425F610F1C}.Debug|Any CPU.Build.0 = Debug|Any CPU
		{6DCDCDFB-DD67-AF62-EE7B-59425F610F1C}.Release|Any CPU.ActiveCfg = Release|Any CPU
		{6DCDCDFB-DD67-AF62-EE7B-59425F610F1C}.Release|Any CPU.Build.0 = Release|Any CPU
		{F2A73F80-1BD5-F5A3-DF70-A5E8F312059A}.Debug|Any CPU.ActiveCfg = Debug|Any CPU
		{F2A73F80-1BD5-F5A3-DF70-A5E8F312059A}.Debug|Any CPU.Build.0 = Debug|Any CPU
		{F2A73F80-1BD5-F5A3-DF70-A5E8F312059A}.Release|Any CPU.ActiveCfg = Release|Any CPU
		{F2A73F80-1BD5-F5A3-DF70-A5E8F312059A}.Release|Any CPU.Build.0 = Release|Any CPU
	EndGlobalSection
	GlobalSection(SolutionProperties) = preSolution
		HideSolutionNode = FALSE
	EndGlobalSection
EndGlobal
